
Microsoft Visual Studio Solution File, Format Version 12.00
# Visual Studio Version 17
VisualStudioVersion = 17.0.32014.148
MinimumVisualStudioVersion = 10.0.40219.1
Project("{9A19103F-16F7-4668-BE54-9A1E7A4F7556}") = "BulkyBookWeb", "BulkyBookWeb\BulkyBookWeb.csproj", "{A353CA53-EDD4-46B9-88FD-9538CD70FE89}"
EndProject
Project("{FAE04EC0-301F-11D3-BF4B-00C04F79EFBC}") = "BulkyBook.DataAccess", "BulkyBook.DataAccess\BulkyBook.DataAccess.csproj", "{368A4E67-8CB0-4697-B80F-897829ABAA06}"
EndProject
Project("{FAE04EC0-301F-11D3-BF4B-00C04F79EFBC}") = "BulkyBook.Models", "BulkyBook.Models\BulkyBook.Models.csproj", "{DD1A563B-E985-45A1-94C5-EE09C4402C06}"
EndProject
Project("{FAE04EC0-301F-11D3-BF4B-00C04F79EFBC}") = "BulkyBook.Utility", "BulkyBook.Utility\BulkyBook.Utility.csproj", "{4AF14D16-3B64-48C3-A189-68F010478A85}"
EndProject
Global
	GlobalSection(SolutionConfigurationPlatforms) = preSolution
		Debug|Any CPU = Debug|Any CPU
		Release|Any CPU = Release|Any CPU
	EndGlobalSection
	GlobalSection(ProjectConfigurationPlatforms) = postSolution
		{A353CA53-EDD4-46B9-88FD-9538CD70FE89}.Debug|Any CPU.ActiveCfg = Debug|Any CPU
		{A353CA53-EDD4-46B9-88FD-9538CD70FE89}.Debug|Any CPU.Build.0 = Debug|Any CPU
		{A353CA53-EDD4-46B9-88FD-9538CD70FE89}.Release|Any CPU.ActiveCfg = Release|Any CPU
		{A353CA53-EDD4-46B9-88FD-9538CD70FE89}.Release|Any CPU.Build.0 = Release|Any CPU
		{368A4E67-8CB0-4697-B80F-897829ABAA06}.Debug|Any CPU.ActiveCfg = Debug|Any CPU
		{368A4E67-8CB0-4697-B80F-897829ABAA06}.Debug|Any CPU.Build.0 = Debug|Any CPU
		{368A4E67-8CB0-4697-B80F-897829ABAA06}.Release|Any CPU.ActiveCfg = Release|Any CPU
		{368A4E67-8CB0-4697-B80F-897829ABAA06}.Release|Any CPU.Build.0 = Release|Any CPU
		{DD1A563B-E985-45A1-94C5-EE09C4402C06}.Debug|Any CPU.ActiveCfg = Debug|Any CPU
		{DD1A563B-E985-45A1-94C5-EE09C4402C06}.Debug|Any CPU.Build.0 = Debug|Any CPU
		{DD1A563B-E985-45A1-94C5-EE09C4402C06}.Release|Any CPU.ActiveCfg = Release|Any CPU
		{DD1A563B-E985-45A1-94C5-EE09C4402C06}.Release|Any CPU.Build.0 = Release|Any CPU
		{4AF14D16-3B64-48C3-A189-68F010478A85}.Debug|Any CPU.ActiveCfg = Debug|Any CPU
		{4AF14D16-3B64-48C3-A189-68F010478A85}.Debug|Any CPU.Build.0 = Debug|Any CPU
		{4AF14D16-3B64-48C3-A189-68F010478A85}.Release|Any CPU.ActiveCfg = Release|Any CPU
		{4AF14D16-3B64-48C3-A189-68F010478A85}.Release|Any CPU.Build.0 = Release|Any CPU
	EndGlobalSection
	GlobalSection(SolutionProperties) = preSolution
		HideSolutionNode = FALSE
	EndGlobalSection
	GlobalSection(ExtensibilityGlobals) = postSolution
		SolutionGuid = {F65476B4-2D3B-4C7E-A8E3-4CD66C4B589F}
	EndGlobalSection
EndGlobal
